
Microsoft Visual Studio Solution File, Format Version 12.00
Project("{FAE04EC0-301F-11D3-BF4B-00C04F79EFBC}") = "SolutionLib", "SolutionLib\SolutionLib.csproj", "{EC933CFB-3EE7-4223-95B3-B06C683A6648}"
EndProject
Global
	GlobalSection(SolutionConfigurationPlatforms) = preSolution
		Debug|Any CPU = Debug|Any CPU
		Release|Any CPU = Release|Any CPU
	EndGlobalSection
	GlobalSection(ProjectConfigurationPlatforms) = postSolution
		{EC933CFB-3EE7-4223-95B3-B06C683A6648}.Debug|Any CPU.ActiveCfg = Debug|Any CPU
		{EC933CFB-3EE7-4223-95B3-B06C683A6648}.Debug|Any CPU.Build.0 = Debug|Any CPU
		{EC933CFB-3EE7-4223-95B3-B06C683A6648}.Release|Any CPU.ActiveCfg = Release|Any CPU
		{EC933CFB-3EE7-4223-95B3-B06C683A6648}.Release|Any CPU.Build.0 = Release|Any CPU
	EndGlobalSection
EndGlobal
