
Microsoft Visual Studio Solution File, Format Version 12.00
Project("{FAE04EC0-301F-11D3-BF4B-00C04F79EFBC}") = "SolutionLibTest", "SolutionLibTest\SolutionLibTest.csproj", "{5F6B55BC-AC88-4FE9-A8F9-C3642A3C7599}"
EndProject
Global
	GlobalSection(SolutionConfigurationPlatforms) = preSolution
		Debug|Any CPU = Debug|Any CPU
		Release|Any CPU = Release|Any CPU
	EndGlobalSection
	GlobalSection(ProjectConfigurationPlatforms) = postSolution
		{5F6B55BC-AC88-4FE9-A8F9-C3642A3C7599}.Debug|Any CPU.ActiveCfg = Debug|Any CPU
		{5F6B55BC-AC88-4FE9-A8F9-C3642A3C7599}.Debug|Any CPU.Build.0 = Debug|Any CPU
		{5F6B55BC-AC88-4FE9-A8F9-C3642A3C7599}.Release|Any CPU.ActiveCfg = Release|Any CPU
		{5F6B55BC-AC88-4FE9-A8F9-C3642A3C7599}.Release|Any CPU.Build.0 = Release|Any CPU
	EndGlobalSection
EndGlobal
